
Microsoft Visual Studio Solution File, Format Version 12.00
# Visual Studio Version 16
VisualStudioVersion = 16.0.29905.134
MinimumVisualStudioVersion = 10.0.40219.1
Project("{FAE04EC0-301F-11D3-BF4B-00C04F79EFBC}") = "Onbox.GridGenerator", "Onbox.GridGenerator\Onbox.GridGenerator.csproj", "{8FE7986C-9CEA-49AD-BE3C-A2CA57A1BB2A}"
EndProject
Global
	GlobalSection(SolutionConfigurationPlatforms) = preSolution
		D2019|x64 = D2019|x64
		D2020|x64 = D2020|x64
		D2021|x64 = D2021|x64
		R2019|x64 = R2019|x64
		R2020|x64 = R2020|x64
		R2021|x64 = R2021|x64
	EndGlobalSection
	GlobalSection(ProjectConfigurationPlatforms) = postSolution
		{8FE7986C-9CEA-49AD-BE3C-A2CA57A1BB2A}.D2019|x64.ActiveCfg = D2019|x64
		{8FE7986C-9CEA-49AD-BE3C-A2CA57A1BB2A}.D2019|x64.Build.0 = D2019|x64
		{8FE7986C-9CEA-49AD-BE3C-A2CA57A1BB2A}.D2020|x64.ActiveCfg = D2020|x64
		{8FE7986C-9CEA-49AD-BE3C-A2CA57A1BB2A}.D2020|x64.Build.0 = D2020|x64
		{8FE7986C-9CEA-49AD-BE3C-A2CA57A1BB2A}.D2021|x64.ActiveCfg = D2021|x64
		{8FE7986C-9CEA-49AD-BE3C-A2CA57A1BB2A}.D2021|x64.Build.0 = D2021|x64
		{8FE7986C-9CEA-49AD-BE3C-A2CA57A1BB2A}.R2019|x64.ActiveCfg = R2019|x64
		{8FE7986C-9CEA-49AD-BE3C-A2CA57A1BB2A}.R2019|x64.Build.0 = R2019|x64
		{8FE7986C-9CEA-49AD-BE3C-A2CA57A1BB2A}.R2020|x64.ActiveCfg = R2020|x64
		{8FE7986C-9CEA-49AD-BE3C-A2CA57A1BB2A}.R2020|x64.Build.0 = R2020|x64
		{8FE7986C-9CEA-49AD-BE3C-A2CA57A1BB2A}.R2021|x64.ActiveCfg = R2021|x64
		{8FE7986C-9CEA-49AD-BE3C-A2CA57A1BB2A}.R2021|x64.Build.0 = R2021|x64
	EndGlobalSection
	GlobalSection(SolutionProperties) = preSolution
		HideSolutionNode = FALSE
	EndGlobalSection
	GlobalSection(ExtensibilityGlobals) = postSolution
		SolutionGuid = {01E03640-4640-468C-9D9A-40184EE6108E}
	EndGlobalSection
EndGlobal
